{
  "name": "2026-fwdays-agentic-greenfield-task-ap",
  "version": "1.0.0",
  "lockfileVersion": 3,
  "requires": true,
  "packages": {
    "": {
      "name": "2026-fwdays-agentic-greenfield-task-ap",
      "version": "1.0.0",
      "license": "ISC",
      "devDependencies": {
        "metaskills": "^1.0.4"
      }
    },
    "node_modules/metaskills": {
      "version": "1.0.4",
      "resolved": "https://registry.npmjs.org/metaskills/-/metaskills-1.0.4.tgz",
      "integrity": "sha512-yeWXLVGelTRQ7da/zTbLDJQCQsPqYNfVdj04k3CqMM8QTVuCgnETKjI5H0SsEZ6CepuBAkywSS0DOpYpvaWjyw==",
      "dev": true,
      "license": "MIT",
      "bin": {
        "metaskills": "scripts/link-ide.js"
      },
      "engines": {
        "node": ">=18"
      }
    }
  }
}
